
Microsoft Visual Studio Solution File, Format Version 11.00
# Visual Studio 2010
Project("{FAE04EC0-301F-11D3-BF4B-00C04F79EFBC}") = "Dominio", "Dominio\Dominio.csproj", "{50AEC1AB-D671-4446-91E3-39778060E6F3}"
EndProject
Project("{FAE04EC0-301F-11D3-BF4B-00C04F79EFBC}") = "Infraestrutura", "Infraestrutura\Infraestrutura.csproj", "{0CDA4D30-95E3-471D-9CB0-7418013D6ADA}"
EndProject
Project("{FAE04EC0-301F-11D3-BF4B-00C04F79EFBC}") = "ColecaoFilmesMVC3", "ColecaoFilmesMVC3\ColecaoFilmesMVC3.csproj", "{19195FB9-2ADC-4252-B24F-1ECC02254042}"
EndProject
Global
	GlobalSection(TeamFoundationVersionControl) = preSolution
		SccNumberOfProjects = 4
		SccEnterpriseProvider = {4CA58AB2-18FA-4F8D-95D4-32DDF27D184C}
		SccTeamFoundationServer = https://tfs.codeplex.com/tfs/tfs07
		SccLocalPath0 = .
		SccProjectUniqueName1 = Dominio\\Dominio.csproj
		SccProjectName1 = Dominio
		SccLocalPath1 = Dominio
		SccProjectUniqueName2 = Infraestrutura\\Infraestrutura.csproj
		SccProjectName2 = Infraestrutura
		SccLocalPath2 = Infraestrutura
		SccProjectUniqueName3 = ColecaoFilmesMVC3\\ColecaoFilmesMVC3.csproj
		SccProjectName3 = ColecaoFilmesMVC3
		SccLocalPath3 = ColecaoFilmesMVC3
	EndGlobalSection
	GlobalSection(SolutionConfigurationPlatforms) = preSolution
		Debug|Any CPU = Debug|Any CPU
		Release|Any CPU = Release|Any CPU
	EndGlobalSection
	GlobalSection(ProjectConfigurationPlatforms) = postSolution
		{50AEC1AB-D671-4446-91E3-39778060E6F3}.Debug|Any CPU.ActiveCfg = Debug|Any CPU
		{50AEC1AB-D671-4446-91E3-39778060E6F3}.Debug|Any CPU.Build.0 = Debug|Any CPU
		{50AEC1AB-D671-4446-91E3-39778060E6F3}.Release|Any CPU.ActiveCfg = Release|Any CPU
		{50AEC1AB-D671-4446-91E3-39778060E6F3}.Release|Any CPU.Build.0 = Release|Any CPU
		{0CDA4D30-95E3-471D-9CB0-7418013D6ADA}.Debug|Any CPU.ActiveCfg = Debug|Any CPU
		{0CDA4D30-95E3-471D-9CB0-7418013D6ADA}.Debug|Any CPU.Build.0 = Debug|Any CPU
		{0CDA4D30-95E3-471D-9CB0-7418013D6ADA}.Release|Any CPU.ActiveCfg = Release|Any CPU
		{0CDA4D30-95E3-471D-9CB0-7418013D6ADA}.Release|Any CPU.Build.0 = Release|Any CPU
		{19195FB9-2ADC-4252-B24F-1ECC02254042}.Debug|Any CPU.ActiveCfg = Debug|Any CPU
		{19195FB9-2ADC-4252-B24F-1ECC02254042}.Debug|Any CPU.Build.0 = Debug|Any CPU
		{19195FB9-2ADC-4252-B24F-1ECC02254042}.Release|Any CPU.ActiveCfg = Release|Any CPU
		{19195FB9-2ADC-4252-B24F-1ECC02254042}.Release|Any CPU.Build.0 = Release|Any CPU
	EndGlobalSection
	GlobalSection(SolutionProperties) = preSolution
		HideSolutionNode = FALSE
	EndGlobalSection
EndGlobal
